{
    "requires": true,
    "lockfileVersion": 1,
    "dependencies": {
        "@babel/code-frame": {
            "version": "7.27.1",
            "resolved": "https://registry.npmjs.org/@babel/code-frame/-/code-frame-7.27.1.tgz",
            "integrity": "sha512-cjQ7ZlQ0Mv3b47hABuTevyTuYN4i+loJKGeV9flcCgIK37cCXRh+L1bd3iBHlynerhQ7BhCkn2BPbQUL+rGqFg==",
            "requires": {
                "@babel/helper-validator-identifier": "^7.27.1",
                "js-tokens": "^4.0.0",
                "picocolors": "^1.1.1"
            }
        },
        "@babel/generator": {
            "version": "7.28.5",
            "resolved": "https://registry.npmjs.org/@babel/generator/-/generator-7.28.5.tgz",
            "integrity": "sha512-3EwLFhZ38J4VyIP6WNtt2kUdW9dokXA9Cr4IVIFHuCpZ3H8/YFOl5JjZHisrn1fATPBmKKqXzDFvh9fUwHz6CQ==",
            "requires": {
                "@babel/parser": "^7.28.5",
                "@babel/types": "^7.28.5",
                "@jridgewell/gen-mapping": "^0.3.12",
                "@jridgewell/trace-mapping": "^0.3.28",
                "jsesc": "^3.0.2"
            }
        },
        "@babel/helper-annotate-as-pure": {
            "version": "7.27.3",
            "resolved": "https://registry.npmjs.org/@babel/helper-annotate-as-pure/-/helper-annotate-as-pure-7.27.3.tgz",
            "integrity": "sha512-fXSwMQqitTGeHLBC08Eq5yXz2m37E4pJX1qAU1+2cNedz/ifv/bVXft90VeSav5nFO61EcNgwr0aJxbyPaWBPg==",
            "requires": {
                "@babel/types": "^7.27.3"
            }
        },
        "@babel/helper-globals": {
            "version": "7.28.0",
            "resolved": "https://registry.npmjs.org/@babel/helper-globals/-/helper-globals-7.28.0.tgz",
            "integrity": "sha512-+W6cISkXFa1jXsDEdYA8HeevQT/FULhxzR99pxphltZcVaugps53THCeiWA8SguxxpSp3gKPiuYfSWopkLQ4hw=="
        },
        "@babel/helper-module-imports": {
            "version": "7.27.1",
            "resolved": "https://registry.npmjs.org/@babel/helper-module-imports/-/helper-module-imports-7.27.1.tgz",
            "integrity": "sha512-0gSFWUPNXNopqtIPQvlD5WgXYI5GY2kP2cCvoT8kczjbfcfuIljTbcWrulD1CIPIX2gt1wghbDy08yE1p+/r3w==",
            "requires": {
                "@babel/traverse": "^7.27.1",
                "@babel/types": "^7.27.1"
            }
        },
        "@babel/helper-plugin-utils": {
            "version": "7.27.1",
            "resolved": "https://registry.npmjs.org/@babel/helper-plugin-utils/-/helper-plugin-utils-7.27.1.tgz",
            "integrity": "sha512-1gn1Up5YXka3YYAHGKpbideQ5Yjf1tDa9qYcgysz+cNCXukyLl6DjPXhD3VRwSb8c0J9tA4b2+rHEZtc6R0tlw=="
        },
        "@babel/helper-string-parser": {
            "version": "7.27.1",
            "resolved": "https://registry.npmjs.org/@babel/helper-string-parser/-/helper-string-parser-7.27.1.tgz",
            "integrity": "sha512-qMlSxKbpRlAridDExk92nSobyDdpPijUq2DW6oDnUqd0iOGxmQjyqhMIihI9+zv4LPyZdRje2cavWPbCbWm3eA=="
        },
        "@babel/helper-validator-identifier": {
            "version": "7.28.5",
            "resolved": "https://registry.npmjs.org/@babel/helper-validator-identifier/-/helper-validator-identifier-7.28.5.tgz",
            "integrity": "sha512-qSs4ifwzKJSV39ucNjsvc6WVHs6b7S03sOh2OcHF9UHfVPqWWALUsNUVzhSBiItjRZoLHx7nIarVjqKVusUZ1Q=="
        },
        "@babel/helper-validator-option": {
            "version": "7.27.1",
            "resolved": "https://registry.npmjs.org/@babel/helper-validator-option/-/helper-validator-option-7.27.1.tgz",
            "integrity": "sha512-YvjJow9FxbhFFKDSuFnVCe2WxXk1zWc22fFePVNEaWJEu8IrZVlda6N0uHwzZrUM1il7NC9Mlp4MaJYbYd9JSg=="
        },
        "@babel/parser": {
            "version": "7.28.5",
            "resolved": "https://registry.npmjs.org/@babel/parser/-/parser-7.28.5.tgz",
            "integrity": "sha512-KKBU1VGYR7ORr3At5HAtUQ+TV3SzRCXmA/8OdDZiLDBIZxVyzXuztPjfLd3BV1PRAQGCMWWSHYhL0F8d5uHBDQ==",
            "requires": {
                "@babel/types": "^7.28.5"
            }
        },
        "@babel/plugin-syntax-jsx": {
            "version": "7.27.1",
            "resolved": "https://registry.npmjs.org/@babel/plugin-syntax-jsx/-/plugin-syntax-jsx-7.27.1.tgz",
            "integrity": "sha512-y8YTNIeKoyhGd9O0Jiyzyyqk8gdjnumGTQPsz0xOZOQ2RmkVJeZ1vmmfIvFEKqucBG6axJGBZDE/7iI5suUI/w==",
            "requires": {
                "@babel/helper-plugin-utils": "^7.27.1"
            }
        },
        "@babel/plugin-transform-react-display-name": {
            "version": "7.28.0",
            "resolved": "https://registry.npmjs.org/@babel/plugin-transform-react-display-name/-/plugin-transform-react-display-name-7.28.0.tgz",
            "integrity": "sha512-D6Eujc2zMxKjfa4Zxl4GHMsmhKKZ9VpcqIchJLvwTxad9zWIYulwYItBovpDOoNLISpcZSXoDJ5gaGbQUDqViA==",
            "requires": {
                "@babel/helper-plugin-utils": "^7.27.1"
            }
        },
        "@babel/plugin-transform-react-jsx": {
            "version": "7.27.1",
            "resolved": "https://registry.npmjs.org/@babel/plugin-transform-react-jsx/-/plugin-transform-react-jsx-7.27.1.tgz",
            "integrity": "sha512-2KH4LWGSrJIkVf5tSiBFYuXDAoWRq2MMwgivCf+93dd0GQi8RXLjKA/0EvRnVV5G0hrHczsquXuD01L8s6dmBw==",
            "requires": {
                "@babel/helper-annotate-as-pure": "^7.27.1",
                "@babel/helper-module-imports": "^7.27.1",
                "@babel/helper-plugin-utils": "^7.27.1",
                "@babel/plugin-syntax-jsx": "^7.27.1",
                "@babel/types": "^7.27.1"
            }
        },
        "@babel/plugin-transform-react-jsx-development": {
            "version": "7.27.1",
            "resolved": "https://registry.npmjs.org/@babel/plugin-transform-react-jsx-development/-/plugin-transform-react-jsx-development-7.27.1.tgz",
            "integrity": "sha512-ykDdF5yI4f1WrAolLqeF3hmYU12j9ntLQl/AOG1HAS21jxyg1Q0/J/tpREuYLfatGdGmXp/3yS0ZA76kOlVq9Q==",
            "requires": {
                "@babel/plugin-transform-react-jsx": "^7.27.1"
            }
        },
        "@babel/plugin-transform-react-pure-annotations": {
            "version": "7.27.1",
            "resolved": "https://registry.npmjs.org/@babel/plugin-transform-react-pure-annotations/-/plugin-transform-react-pure-annotations-7.27.1.tgz",
            "integrity": "sha512-JfuinvDOsD9FVMTHpzA/pBLisxpv1aSf+OIV8lgH3MuWrks19R27e6a6DipIg4aX1Zm9Wpb04p8wljfKrVSnPA==",
            "requires": {
                "@babel/helper-annotate-as-pure": "^7.27.1",
                "@babel/helper-plugin-utils": "^7.27.1"
            }
        },
        "@babel/preset-react": {
            "version": "7.28.5",
            "resolved": "https://registry.npmjs.org/@babel/preset-react/-/preset-react-7.28.5.tgz",
            "integrity": "sha512-Z3J8vhRq7CeLjdC58jLv4lnZ5RKFUJWqH5emvxmv9Hv3BD1T9R/Im713R4MTKwvFaV74ejZ3sM01LyEKk4ugNQ==",
            "requires": {
                "@babel/helper-plugin-utils": "^7.27.1",
                "@babel/helper-validator-option": "^7.27.1",
                "@babel/plugin-transform-react-display-name": "^7.28.0",
                "@babel/plugin-transform-react-jsx": "^7.27.1",
                "@babel/plugin-transform-react-jsx-development": "^7.27.1",
                "@babel/plugin-transform-react-pure-annotations": "^7.27.1"
            }
        },
        "@babel/template": {
            "version": "7.27.2",
            "resolved": "https://registry.npmjs.org/@babel/template/-/template-7.27.2.tgz",
            "integrity": "sha512-LPDZ85aEJyYSd18/DkjNh4/y1ntkE5KwUHWTiqgRxruuZL2F1yuHligVHLvcHY2vMHXttKFpJn6LwfI7cw7ODw==",
            "requires": {
                "@babel/code-frame": "^7.27.1",
                "@babel/parser": "^7.27.2",
                "@babel/types": "^7.27.1"
            }
        },
        "@babel/traverse": {
            "version": "7.28.5",
            "resolved": "https://registry.npmjs.org/@babel/traverse/-/traverse-7.28.5.tgz",
            "integrity": "sha512-TCCj4t55U90khlYkVV/0TfkJkAkUg3jZFA3Neb7unZT8CPok7iiRfaX0F+WnqWqt7OxhOn0uBKXCw4lbL8W0aQ==",
            "requires": {
                "@babel/code-frame": "^7.27.1",
                "@babel/generator": "^7.28.5",
                "@babel/helper-globals": "^7.28.0",
                "@babel/parser": "^7.28.5",
                "@babel/template": "^7.27.2",
                "@babel/types": "^7.28.5",
                "debug": "^4.3.1"
            }
        },
        "@babel/types": {
            "version": "7.28.5",
            "resolved": "https://registry.npmjs.org/@babel/types/-/types-7.28.5.tgz",
            "integrity": "sha512-qQ5m48eI/MFLQ5PxQj4PFaprjyCTLI37ElWMmNs0K8Lk3dVeOdNpB3ks8jc7yM5CDmVC73eMVk/trk3fgmrUpA==",
            "requires": {
                "@babel/helper-string-parser": "^7.27.1",
                "@babel/helper-validator-identifier": "^7.28.5"
            }
        },
        "@jridgewell/gen-mapping": {
            "version": "0.3.13",
            "resolved": "https://registry.npmjs.org/@jridgewell/gen-mapping/-/gen-mapping-0.3.13.tgz",
            "integrity": "sha512-2kkt/7niJ6MgEPxF0bYdQ6etZaA+fQvDcLKckhy1yIQOzaoKjBBjSj63/aLVjYE3qhRt5dvM+uUyfCg6UKCBbA==",
            "requires": {
                "@jridgewell/sourcemap-codec": "^1.5.0",
                "@jridgewell/trace-mapping": "^0.3.24"
            }
        },
        "@jridgewell/resolve-uri": {
            "version": "3.1.2",
            "resolved": "https://registry.npmjs.org/@jridgewell/resolve-uri/-/resolve-uri-3.1.2.tgz",
            "integrity": "sha512-bRISgCIjP20/tbWSPWMEi54QVPRZExkuD9lJL+UIxUKtwVJA8wW1Trb1jMs1RFXo1CBTNZ/5hpC9QvmKWdopKw=="
        },
        "@jridgewell/sourcemap-codec": {
            "version": "1.5.5",
            "resolved": "https://registry.npmjs.org/@jridgewell/sourcemap-codec/-/sourcemap-codec-1.5.5.tgz",
            "integrity": "sha512-cYQ9310grqxueWbl+WuIUIaiUaDcj7WOq5fVhEljNVgRfOUhY9fy2zTvfoqWsnebh8Sl70VScFbICvJnLKB0Og=="
        },
        "@jridgewell/trace-mapping": {
            "version": "0.3.31",
            "resolved": "https://registry.npmjs.org/@jridgewell/trace-mapping/-/trace-mapping-0.3.31.tgz",
            "integrity": "sha512-zzNR+SdQSDJzc8joaeP8QQoCQr8NuYx2dIIytl1QeBEZHJ9uW6hebsrYgbz8hJwUQao3TWCMtmfV8Nu1twOLAw==",
            "requires": {
                "@jridgewell/resolve-uri": "^3.1.0",
                "@jridgewell/sourcemap-codec": "^1.4.14"
            }
        },
        "debug": {
            "version": "4.4.3",
            "resolved": "https://registry.npmjs.org/debug/-/debug-4.4.3.tgz",
            "integrity": "sha512-RGwwWnwQvkVfavKVt22FGLw+xYSdzARwm0ru6DhTVA3umU5hZc28V3kO4stgYryrTlLpuvgI9GiijltAjNbcqA==",
            "requires": {
                "ms": "^2.1.3"
            }
        },
        "js-tokens": {
            "version": "4.0.0",
            "resolved": "https://registry.npmjs.org/js-tokens/-/js-tokens-4.0.0.tgz",
            "integrity": "sha512-RdJUflcE3cUzKiMqQgsCu06FPu9UdIJO0beYbPhHN4k6apgJtifcoCtT9bcxOpYBtpD2kCM6Sbzg4CausW/PKQ=="
        },
        "jsesc": {
            "version": "3.1.0",
            "resolved": "https://registry.npmjs.org/jsesc/-/jsesc-3.1.0.tgz",
            "integrity": "sha512-/sM3dO2FOzXjKQhJuo0Q173wf2KOo8t4I8vHy6lF9poUp7bKT0/NHE8fPX23PwfhnykfqnC2xRxOnVw5XuGIaA=="
        },
        "lodash": {
            "version": "4.17.21",
            "resolved": "https://registry.npmjs.org/lodash/-/lodash-4.17.21.tgz",
            "integrity": "sha512-v2kDEe57lecTulaDIuNTPy3Ry4gLGJ6Z1O3vE1krgXZNrsQ+LFTGHVxVjcXPs17LhbZVGedAJv8XZ1tvj5FvSg==",
            "dev": true
        },
        "ms": {
            "version": "2.1.3",
            "resolved": "https://registry.npmjs.org/ms/-/ms-2.1.3.tgz",
            "integrity": "sha512-6FlzubTLZG3J2a/NVCAleEhjzq5oxgHyaCU9yYXvcLsvoVaHJq/s5xXI6/XXP6tz7R9xAOtHnSO/tXtF3WRTlA=="
        },
        "picocolors": {
            "version": "1.1.1",
            "resolved": "https://registry.npmjs.org/picocolors/-/picocolors-1.1.1.tgz",
            "integrity": "sha512-xceH2snhtb5M9liqDsmEw56le376mTZkEX/jEb/RxNFyegNul7eNslCXP9FDj/Lcu0X8KEyMceP2ntpaHrDEVA=="
        },
        "react": {
            "version": "19.2.3",
            "resolved": "https://registry.npmjs.org/react/-/react-19.2.3.tgz",
            "integrity": "sha512-Ku/hhYbVjOQnXDZFv2+RibmLFGwFdeeKHFcOTlrt7xplBnya5OGn/hIRDsqDiSUcfORsDC7MPxwork8jBwsIWA=="
        },
        "react-dom": {
            "version": "19.2.3",
            "resolved": "https://registry.npmjs.org/react-dom/-/react-dom-19.2.3.tgz",
            "integrity": "sha512-yELu4WmLPw5Mr/lmeEpox5rw3RETacE++JgHqQzd2dg+YbJuat3jH4ingc+WPZhxaoFzdv9y33G+F7Nl5O0GBg==",
            "requires": {
                "scheduler": "^0.27.0"
            }
        },
        "scheduler": {
            "version": "0.27.0",
            "resolved": "https://registry.npmjs.org/scheduler/-/scheduler-0.27.0.tgz",
            "integrity": "sha512-eNv+WrVbKu1f3vbYJT/xtiF5syA5HPIMtf9IgY/nKg0sWqzAUEvqY/xm7OcZc/qafLx/iO9FgOmeSAp4v5ti/Q=="
        }
    }
}
